
Microsoft Visual Studio Solution File, Format Version 12.00
# Visual Studio Version 16
VisualStudioVersion = 16.0.30907.101
MinimumVisualStudioVersion = 10.0.40219.1
Project("{9A19103F-16F7-4668-BE54-9A1E7A4F7556}") = "DataAccess", "DataAccess\DataAccess.csproj", "{7B1135CC-6236-4D79-9CDE-9FAE9C2DE973}"
EndProject
Project("{9A19103F-16F7-4668-BE54-9A1E7A4F7556}") = "Business", "Business\Business.csproj", "{DC1A422C-36A8-49CF-B79A-1CA058E78955}"
EndProject
Project("{9A19103F-16F7-4668-BE54-9A1E7A4F7556}") = "Entities", "Entities\Entities.csproj", "{4871DEDA-3591-413C-A9A9-869882534477}"
EndProject
Project("{9A19103F-16F7-4668-BE54-9A1E7A4F7556}") = "ConsoleUI", "ConsoleUI\ConsoleUI.csproj", "{902BEA9B-C4F3-42C5-A882-9CDC7FC22C28}"
EndProject
Project("{9A19103F-16F7-4668-BE54-9A1E7A4F7556}") = "Core", "Core\Core.csproj", "{7E05293A-C78C-4EF3-9381-49740C2C6E85}"
EndProject
Project("{9A19103F-16F7-4668-BE54-9A1E7A4F7556}") = "WebAPI", "WebAPI\WebAPI.csproj", "{DF86C11D-6292-4281-896B-9A1DB1C88559}"
EndProject
Global
	GlobalSection(SolutionConfigurationPlatforms) = preSolution
		Debug|Any CPU = Debug|Any CPU
		Release|Any CPU = Release|Any CPU
	EndGlobalSection
	GlobalSection(ProjectConfigurationPlatforms) = postSolution
		{7B1135CC-6236-4D79-9CDE-9FAE9C2DE973}.Debug|Any CPU.ActiveCfg = Debug|Any CPU
		{7B1135CC-6236-4D79-9CDE-9FAE9C2DE973}.Debug|Any CPU.Build.0 = Debug|Any CPU
		{7B1135CC-6236-4D79-9CDE-9FAE9C2DE973}.Release|Any CPU.ActiveCfg = Release|Any CPU
		{7B1135CC-6236-4D79-9CDE-9FAE9C2DE973}.Release|Any CPU.Build.0 = Release|Any CPU
		{DC1A422C-36A8-49CF-B79A-1CA058E78955}.Debug|Any CPU.ActiveCfg = Debug|Any CPU
		{DC1A422C-36A8-49CF-B79A-1CA058E78955}.Debug|Any CPU.Build.0 = Debug|Any CPU
		{DC1A422C-36A8-49CF-B79A-1CA058E78955}.Release|Any CPU.ActiveCfg = Release|Any CPU
		{DC1A422C-36A8-49CF-B79A-1CA058E78955}.Release|Any CPU.Build.0 = Release|Any CPU
		{4871DEDA-3591-413C-A9A9-869882534477}.Debug|Any CPU.ActiveCfg = Debug|Any CPU
		{4871DEDA-3591-413C-A9A9-869882534477}.Debug|Any CPU.Build.0 = Debug|Any CPU
		{4871DEDA-3591-413C-A9A9-869882534477}.Release|Any CPU.ActiveCfg = Release|Any CPU
		{4871DEDA-3591-413C-A9A9-869882534477}.Release|Any CPU.Build.0 = Release|Any CPU
		{902BEA9B-C4F3-42C5-A882-9CDC7FC22C28}.Debug|Any CPU.ActiveCfg = Debug|Any CPU
		{902BEA9B-C4F3-42C5-A882-9CDC7FC22C28}.Debug|Any CPU.Build.0 = Debug|Any CPU
		{902BEA9B-C4F3-42C5-A882-9CDC7FC22C28}.Release|Any CPU.ActiveCfg = Release|Any CPU
		{902BEA9B-C4F3-42C5-A882-9CDC7FC22C28}.Release|Any CPU.Build.0 = Release|Any CPU
		{7E05293A-C78C-4EF3-9381-49740C2C6E85}.Debug|Any CPU.ActiveCfg = Debug|Any CPU
		{7E05293A-C78C-4EF3-9381-49740C2C6E85}.Debug|Any CPU.Build.0 = Debug|Any CPU
		{7E05293A-C78C-4EF3-9381-49740C2C6E85}.Release|Any CPU.ActiveCfg = Release|Any CPU
		{7E05293A-C78C-4EF3-9381-49740C2C6E85}.Release|Any CPU.Build.0 = Release|Any CPU
		{DF86C11D-6292-4281-896B-9A1DB1C88559}.Debug|Any CPU.ActiveCfg = Debug|Any CPU
		{DF86C11D-6292-4281-896B-9A1DB1C88559}.Debug|Any CPU.Build.0 = Debug|Any CPU
		{DF86C11D-6292-4281-896B-9A1DB1C88559}.Release|Any CPU.ActiveCfg = Release|Any CPU
		{DF86C11D-6292-4281-896B-9A1DB1C88559}.Release|Any CPU.Build.0 = Release|Any CPU
	EndGlobalSection
	GlobalSection(SolutionProperties) = preSolution
		HideSolutionNode = FALSE
	EndGlobalSection
	GlobalSection(ExtensibilityGlobals) = postSolution
		SolutionGuid = {998E4B49-4A55-428E-BD55-52096AB431C8}
	EndGlobalSection
EndGlobal
